
Microsoft Visual Studio Solution File, Format Version 12.00
# Visual Studio Version 17
VisualStudioVersion = 17.11.35303.130
MinimumVisualStudioVersion = 10.0.40219.1
Project("{FAE04EC0-301F-11D3-BF4B-00C04F79EFBC}") = "WindowsFormsApp1", "WindowsFormsApp1.csproj", "{37AA3B0B-45B1-4472-8355-ADADE3A5D1B3}"
EndProject
Global
	GlobalSection(SolutionConfigurationPlatforms) = preSolution
		Debug|Any CPU = Debug|Any CPU
		Release|Any CPU = Release|Any CPU
	EndGlobalSection
	GlobalSection(ProjectConfigurationPlatforms) = postSolution
		{37AA3B0B-45B1-4472-8355-ADADE3A5D1B3}.Debug|Any CPU.ActiveCfg = Debug|Any CPU
		{37AA3B0B-45B1-4472-8355-ADADE3A5D1B3}.Debug|Any CPU.Build.0 = Debug|Any CPU
		{37AA3B0B-45B1-4472-8355-ADADE3A5D1B3}.Release|Any CPU.ActiveCfg = Release|Any CPU
		{37AA3B0B-45B1-4472-8355-ADADE3A5D1B3}.Release|Any CPU.Build.0 = Release|Any CPU
	EndGlobalSection
	GlobalSection(SolutionProperties) = preSolution
		HideSolutionNode = FALSE
	EndGlobalSection
	GlobalSection(ExtensibilityGlobals) = postSolution
		SolutionGuid = {CB7C467B-7BD3-4DE6-AD99-8D057EDEBD30}
	EndGlobalSection
EndGlobal
