
Microsoft Visual Studio Solution File, Format Version 12.00
# Visual Studio Version 17
VisualStudioVersion = 17.11.35303.130
MinimumVisualStudioVersion = 10.0.40219.1
Project("{FAE04EC0-301F-11D3-BF4B-00C04F79EFBC}") = "db", "db.csproj", "{81B9BBF4-5E27-4D20-9FC5-196BA0A4690A}"
EndProject
Global
	GlobalSection(SolutionConfigurationPlatforms) = preSolution
		Debug|Any CPU = Debug|Any CPU
		Release|Any CPU = Release|Any CPU
	EndGlobalSection
	GlobalSection(ProjectConfigurationPlatforms) = postSolution
		{81B9BBF4-5E27-4D20-9FC5-196BA0A4690A}.Debug|Any CPU.ActiveCfg = Debug|Any CPU
		{81B9BBF4-5E27-4D20-9FC5-196BA0A4690A}.Debug|Any CPU.Build.0 = Debug|Any CPU
		{81B9BBF4-5E27-4D20-9FC5-196BA0A4690A}.Release|Any CPU.ActiveCfg = Release|Any CPU
		{81B9BBF4-5E27-4D20-9FC5-196BA0A4690A}.Release|Any CPU.Build.0 = Release|Any CPU
	EndGlobalSection
	GlobalSection(SolutionProperties) = preSolution
		HideSolutionNode = FALSE
	EndGlobalSection
	GlobalSection(ExtensibilityGlobals) = postSolution
		SolutionGuid = {4293C256-27D7-491B-ABE1-BB040468B27A}
	EndGlobalSection
EndGlobal
